
Microsoft Visual Studio Solution File, Format Version 12.00
# Visual Studio 15
VisualStudioVersion = 15.0.27130.2036
MinimumVisualStudioVersion = 10.0.40219.1
Project("{FAE04EC0-301F-11D3-BF4B-00C04F79EFBC}") = "LevelEditor", "LevelEditor\LevelEditor.csproj", "{63F07F1E-E9CA-473F-9FDE-A51C5FB86313}"
EndProject
Global
	GlobalSection(SolutionConfigurationPlatforms) = preSolution
		Debug|Any CPU = Debug|Any CPU
		Release|Any CPU = Release|Any CPU
	EndGlobalSection
	GlobalSection(ProjectConfigurationPlatforms) = postSolution
		{63F07F1E-E9CA-473F-9FDE-A51C5FB86313}.Debug|Any CPU.ActiveCfg = Debug|Any CPU
		{63F07F1E-E9CA-473F-9FDE-A51C5FB86313}.Debug|Any CPU.Build.0 = Debug|Any CPU
		{63F07F1E-E9CA-473F-9FDE-A51C5FB86313}.Release|Any CPU.ActiveCfg = Release|Any CPU
		{63F07F1E-E9CA-473F-9FDE-A51C5FB86313}.Release|Any CPU.Build.0 = Release|Any CPU
	EndGlobalSection
	GlobalSection(SolutionProperties) = preSolution
		HideSolutionNode = FALSE
	EndGlobalSection
	GlobalSection(ExtensibilityGlobals) = postSolution
		SolutionGuid = {E0766F1A-3799-49C1-BA6C-4546C56A4A33}
	EndGlobalSection
EndGlobal
